PODS:
  - Alamofire (4.5.1)
  - Moya (10.0.1):
    - Moya/Core (= 10.0.1)
  - Moya/Core (10.0.1):
    - Alamofire (~> 4.1)
    - Result (~> 3.0)
  - ObjectMapper (3.1.0)
  - Realm (3.1.0):
    - Realm/Headers (= 3.1.0)
  - Realm/Headers (3.1.0)
  - RealmSwift (3.1.0):
    - Realm (= 3.1.0)
  - Result (3.2.4)
  - RxCocoa (4.1.1):
    - RxSwift (~> 4.0)
  - RxKeyboard (0.8.1):
    - RxCocoa (>= 4.0.0)
    - RxSwift (>= 4.0.0)
  - RxSwift (4.1.1)
  - SnapKit (4.0.0)
  - SwiftyJSON (4.0.0)

DEPENDENCIES:
  - Alamofire (~> 4.5.1)
  - Moya (~> 10.0.1)
  - ObjectMapper (~> 3.1.0)
  - RealmSwift
  - RxKeyboard
  - SnapKit (~> 4.0.0)
  - SwiftyJSON (~> 4.0.0)

SPEC CHECKSUMS:
  Alamofire: 2d95912bf4c34f164fdfc335872e8c312acaea4a
  Moya: 9e621707ff754eeb51ff3ec51a3d54e517c0733a
  ObjectMapper: 20505058f54e5c3ca69e1d6de9897d152a5369a6
  Realm: 09513d7c054678d65cd02ce09871f805b0d758ac
  RealmSwift: e868fee9b10e5490ad94b6b6ecd9027944da1824
  Result: d2d07204ce72856f1fd9130bbe42c35a7b0fea10
  RxCocoa: fd0862fd2df95fa55562ad28ffd2522c25eb4a85
  RxKeyboard: 28d984440671becc75350b1dfae7ae08d31076df
  RxSwift: c6e3b1c7b325c7d121cd4327e9d98b7ed746b570
  SnapKit: a42d492c16e80209130a3379f73596c3454b7694
  SwiftyJSON: 070dabdcb1beb81b247c65ffa3a79dbbfb3b48aa

PODFILE CHECKSUM: 32494a28a7a77f2d6c90c19eda4b71bda083abf2

COCOAPODS: 1.4.0
